
Microsoft Visual Studio Solution File, Format Version 12.00
# Visual Studio 15
VisualStudioVersion = 15.0.28307.572
MinimumVisualStudioVersion = 10.0.40219.1
Project("{8BC9CEB8-8B4A-11D0-8D11-00A0C91BC942}") = "valkan_first", "valkan_first\valkan_first.vcxproj", "{4FDE3C5B-79EA-47A1-BD8F-08E330A258CF}"
EndProject
Global
	GlobalSection(SolutionConfigurationPlatforms) = preSolution
		Debug|x64 = Debug|x64
		Debug|x86 = Debug|x86
		Release|x64 = Release|x64
		Release|x86 = Release|x86
	EndGlobalSection
	GlobalSection(ProjectConfigurationPlatforms) = postSolution
		{4FDE3C5B-79EA-47A1-BD8F-08E330A258CF}.Debug|x64.ActiveCfg = Debug|x64
		{4FDE3C5B-79EA-47A1-BD8F-08E330A258CF}.Debug|x64.Build.0 = Debug|x64
		{4FDE3C5B-79EA-47A1-BD8F-08E330A258CF}.Debug|x86.ActiveCfg = Debug|Win32
		{4FDE3C5B-79EA-47A1-BD8F-08E330A258CF}.Debug|x86.Build.0 = Debug|Win32
		{4FDE3C5B-79EA-47A1-BD8F-08E330A258CF}.Release|x64.ActiveCfg = Release|x64
		{4FDE3C5B-79EA-47A1-BD8F-08E330A258CF}.Release|x64.Build.0 = Release|x64
		{4FDE3C5B-79EA-47A1-BD8F-08E330A258CF}.Release|x86.ActiveCfg = Release|Win32
		{4FDE3C5B-79EA-47A1-BD8F-08E330A258CF}.Release|x86.Build.0 = Release|Win32
	EndGlobalSection
	GlobalSection(SolutionProperties) = preSolution
		HideSolutionNode = FALSE
	EndGlobalSection
	GlobalSection(ExtensibilityGlobals) = postSolution
		SolutionGuid = {73E2A821-DE97-442D-81D5-0B8611E02D8B}
	EndGlobalSection
EndGlobal
